github.com/luisda199824/mycalculator v1.0.0/go.mod h1:ROKis7pL1AYqAkwLkXKC5McQH2BpsnLuK2kp9hWTZMc=
github.com/luisda199824/mycalculator v1.0.1 h1:cF75aLO/H/+xDl5q660yuDteVbHqFa7ViIb3BeuVM74=
github.com/luisda199824/mycalculator v1.0.1/go.mod h1:ROKis7pL1AYqAkwLkXKC5McQH2BpsnLuK2kp9hWTZMc=
github.com/luisda199824/mycalculator v1.0.4 h1:K9CzJihnbMVv4qbvRwymnSdieHJRPjvaxzFlmCt90Ac=
github.com/luisda199824/mycalculator v1.0.4/go.mod h1:ROKis7pL1AYqAkwLkXKC5McQH2BpsnLuK2kp9hWTZMc=
github.com/luisda199824/mycalculator v1.0.5 h1:oe5iFRRLs6gv9iwOO/CjTpxYZaQIZXlyItnDD17j0n8=
github.com/luisda199824/mycalculator v1.0.5/go.mod h1:ROKis7pL1AYqAkwLkXKC5McQH2BpsnLuK2kp9hWTZMc=
